
Microsoft Visual Studio Solution File, Format Version 12.00
# Visual Studio Version 17
VisualStudioVersion = 17.4.33110.190
MinimumVisualStudioVersion = 10.0.40219.1
Project("{9A19103F-16F7-4668-BE54-9A1E7A4F7556}") = "SimpleTokeniser", "SimpleTokeniser.csproj", "{15D78C77-4111-402F-9CDB-9A12D75FF3E8}"
EndProject
Project("{2150E333-8FDC-42A3-9474-1A3956D46DE8}") = "tests", "tests", "{CDE0C762-54A8-4BF4-9374-DCEE26BD9CBA}"
EndProject
Project("{9A19103F-16F7-4668-BE54-9A1E7A4F7556}") = "SimpleTokeniser.Test", "tests\SimpleTokeniser.Test\SimpleTokeniser.Test.csproj", "{30D961D0-E6A2-4C9B-8BA2-C8E84D8FD893}"
EndProject
Global
	GlobalSection(SolutionConfigurationPlatforms) = preSolution
		Debug|Any CPU = Debug|Any CPU
		Release|Any CPU = Release|Any CPU
	EndGlobalSection
	GlobalSection(ProjectConfigurationPlatforms) = postSolution
		{15D78C77-4111-402F-9CDB-9A12D75FF3E8}.Debug|Any CPU.ActiveCfg = Debug|Any CPU
		{15D78C77-4111-402F-9CDB-9A12D75FF3E8}.Debug|Any CPU.Build.0 = Debug|Any CPU
		{15D78C77-4111-402F-9CDB-9A12D75FF3E8}.Release|Any CPU.ActiveCfg = Release|Any CPU
		{15D78C77-4111-402F-9CDB-9A12D75FF3E8}.Release|Any CPU.Build.0 = Release|Any CPU
		{30D961D0-E6A2-4C9B-8BA2-C8E84D8FD893}.Debug|Any CPU.ActiveCfg = Debug|Any CPU
		{30D961D0-E6A2-4C9B-8BA2-C8E84D8FD893}.Debug|Any CPU.Build.0 = Debug|Any CPU
		{30D961D0-E6A2-4C9B-8BA2-C8E84D8FD893}.Release|Any CPU.ActiveCfg = Release|Any CPU
		{30D961D0-E6A2-4C9B-8BA2-C8E84D8FD893}.Release|Any CPU.Build.0 = Release|Any CPU
	EndGlobalSection
	GlobalSection(SolutionProperties) = preSolution
		HideSolutionNode = FALSE
	EndGlobalSection
	GlobalSection(NestedProjects) = preSolution
		{30D961D0-E6A2-4C9B-8BA2-C8E84D8FD893} = {CDE0C762-54A8-4BF4-9374-DCEE26BD9CBA}
	EndGlobalSection
	GlobalSection(ExtensibilityGlobals) = postSolution
		SolutionGuid = {393817CE-5F9C-4A70-939C-F0C2AF9C7813}
	EndGlobalSection
EndGlobal
